
Microsoft Visual Studio Solution File, Format Version 12.00
# Visual Studio Version 16
VisualStudioVersion = 16.0.28917.181
MinimumVisualStudioVersion = 10.0.40219.1
Project("{9A19103F-16F7-4668-BE54-9A1E7A4F7556}") = "ATG_Notifier.Data", "ATG_Notifier.Data\ATG_Notifier.Data.csproj", "{82566CED-5368-413B-8D2C-7165D64E13DD}"
EndProject
Project("{9A19103F-16F7-4668-BE54-9A1E7A4F7556}") = "ATG_Notifier.ViewModels", "ATG_Notifier.ViewModels\ATG_Notifier.ViewModels.csproj", "{93FA07F3-6D82-4CD4-B3C0-5BDB2FEFD88B}"
EndProject
Project("{FAE04EC0-301F-11D3-BF4B-00C04F79EFBC}") = "ATG_Notifier.UWP", "ATG_Notifier.UWP\ATG_Notifier.UWP.csproj", "{1589CB71-CA8E-4961-ACF2-85F294616796}"
EndProject
Project("{9A19103F-16F7-4668-BE54-9A1E7A4F7556}") = "ATG_Notifier.DesktopBridge", "ATG_Notifier.DesktopBridge\ATG_Notifier.DesktopBridge.csproj", "{C81D14D0-63AE-4EB4-B943-B09766618803}"
EndProject
Project("{C7167F0D-BC9F-4E6E-AFE1-012C56B48DB5}") = "ATG_Notifier_Interop.Package", "ATG_Notifier_Interop.Package\ATG_Notifier_Interop.Package.wapproj", "{ACCA2A02-37A0-44D7-8126-D7142B21F1AC}"
EndProject
Project("{9A19103F-16F7-4668-BE54-9A1E7A4F7556}") = "ATG_Notifier.Restarter", "ATG_Notifier.Restarter\ATG_Notifier.Restarter.csproj", "{14B5A6FC-D96F-4BF6-9D03-CAA6D5AA54A0}"
EndProject
Project("{9A19103F-16F7-4668-BE54-9A1E7A4F7556}") = "ATG_Notifier.Desktop", "ATG_Notifier.Desktop\ATG_Notifier.Desktop.csproj", "{6E82B9CE-92E7-4B63-B21F-0CF9CAF5FBF8}"
	ProjectSection(ProjectDependencies) = postProject
		{14B5A6FC-D96F-4BF6-9D03-CAA6D5AA54A0} = {14B5A6FC-D96F-4BF6-9D03-CAA6D5AA54A0}
	EndProjectSection
EndProject
Project("{C7167F0D-BC9F-4E6E-AFE1-012C56B48DB5}") = "ATG_Notifier.DesktopPackage", "ATG_Notifier.DesktopPackage\ATG_Notifier.DesktopPackage.wapproj", "{BAA05230-C929-425C-8278-32614B23A46B}"
EndProject
Project("{2150E333-8FDC-42A3-9474-1A3956D46DE8}") = "Solution Items", "Solution Items", "{1ECAF987-539D-4702-803A-0916E7940456}"
	ProjectSection(SolutionItems) = preProject
		.editorconfig = .editorconfig
	EndProjectSection
EndProject
Global
	GlobalSection(SolutionConfigurationPlatforms) = preSolution
		Debug|Any CPU = Debug|Any CPU
		Debug|ARM = Debug|ARM
		Debug|ARM64 = Debug|ARM64
		Debug|x64 = Debug|x64
		Debug|x86 = Debug|x86
		DesktopPackage|Any CPU = DesktopPackage|Any CPU
		DesktopPackage|ARM = DesktopPackage|ARM
		DesktopPackage|ARM64 = DesktopPackage|ARM64
		DesktopPackage|x64 = DesktopPackage|x64
		DesktopPackage|x86 = DesktopPackage|x86
		Release|Any CPU = Release|Any CPU
		Release|ARM = Release|ARM
		Release|ARM64 = Release|ARM64
		Release|x64 = Release|x64
		Release|x86 = Release|x86
	EndGlobalSection
	GlobalSection(ProjectConfigurationPlatforms) = postSolution
		{82566CED-5368-413B-8D2C-7165D64E13DD}.Debug|Any CPU.ActiveCfg = Debug|Any CPU
		{82566CED-5368-413B-8D2C-7165D64E13DD}.Debug|Any CPU.Build.0 = Debug|Any CPU
		{82566CED-5368-413B-8D2C-7165D64E13DD}.Debug|ARM.ActiveCfg = Debug|Any CPU
		{82566CED-5368-413B-8D2C-7165D64E13DD}.Debug|ARM.Build.0 = Debug|Any CPU
		{82566CED-5368-413B-8D2C-7165D64E13DD}.Debug|ARM64.ActiveCfg = Debug|Any CPU
		{82566CED-5368-413B-8D2C-7165D64E13DD}.Debug|ARM64.Build.0 = Debug|Any CPU
		{82566CED-5368-413B-8D2C-7165D64E13DD}.Debug|x64.ActiveCfg = Debug|x64
		{82566CED-5368-413B-8D2C-7165D64E13DD}.Debug|x64.Build.0 = Debug|x64
		{82566CED-5368-413B-8D2C-7165D64E13DD}.Debug|x86.ActiveCfg = Debug|Any CPU
		{82566CED-5368-413B-8D2C-7165D64E13DD}.Debug|x86.Build.0 = Debug|Any CPU
		{82566CED-5368-413B-8D2C-7165D64E13DD}.DesktopPackage|Any CPU.ActiveCfg = DesktopPackage|Any CPU
		{82566CED-5368-413B-8D2C-7165D64E13DD}.DesktopPackage|Any CPU.Build.0 = DesktopPackage|Any CPU
		{82566CED-5368-413B-8D2C-7165D64E13DD}.DesktopPackage|ARM.ActiveCfg = DesktopPackage|Any CPU
		{82566CED-5368-413B-8D2C-7165D64E13DD}.DesktopPackage|ARM.Build.0 = DesktopPackage|Any CPU
		{82566CED-5368-413B-8D2C-7165D64E13DD}.DesktopPackage|ARM64.ActiveCfg = DesktopPackage|Any CPU
		{82566CED-5368-413B-8D2C-7165D64E13DD}.DesktopPackage|ARM64.Build.0 = DesktopPackage|Any CPU
		{82566CED-5368-413B-8D2C-7165D64E13DD}.DesktopPackage|x64.ActiveCfg = Release|x64
		{82566CED-5368-413B-8D2C-7165D64E13DD}.DesktopPackage|x64.Build.0 = Release|x64
		{82566CED-5368-413B-8D2C-7165D64E13DD}.DesktopPackage|x86.ActiveCfg = DesktopPackage|Any CPU
		{82566CED-5368-413B-8D2C-7165D64E13DD}.DesktopPackage|x86.Build.0 = DesktopPackage|Any CPU
		{82566CED-5368-413B-8D2C-7165D64E13DD}.Release|Any CPU.ActiveCfg = Release|Any CPU
		{82566CED-5368-413B-8D2C-7165D64E13DD}.Release|Any CPU.Build.0 = Release|Any CPU
		{82566CED-5368-413B-8D2C-7165D64E13DD}.Release|ARM.ActiveCfg = Release|Any CPU
		{82566CED-5368-413B-8D2C-7165D64E13DD}.Release|ARM.Build.0 = Release|Any CPU
		{82566CED-5368-413B-8D2C-7165D64E13DD}.Release|ARM64.ActiveCfg = Release|Any CPU
		{82566CED-5368-413B-8D2C-7165D64E13DD}.Release|ARM64.Build.0 = Release|Any CPU
		{82566CED-5368-413B-8D2C-7165D64E13DD}.Release|x64.ActiveCfg = Release|x64
		{82566CED-5368-413B-8D2C-7165D64E13DD}.Release|x64.Build.0 = Release|x64
		{82566CED-5368-413B-8D2C-7165D64E13DD}.Release|x86.ActiveCfg = Release|Any CPU
		{82566CED-5368-413B-8D2C-7165D64E13DD}.Release|x86.Build.0 = Release|Any CPU
		{93FA07F3-6D82-4CD4-B3C0-5BDB2FEFD88B}.Debug|Any CPU.ActiveCfg = Debug|Any CPU
		{93FA07F3-6D82-4CD4-B3C0-5BDB2FEFD88B}.Debug|Any CPU.Build.0 = Debug|Any CPU
		{93FA07F3-6D82-4CD4-B3C0-5BDB2FEFD88B}.Debug|ARM.ActiveCfg = Debug|Any CPU
		{93FA07F3-6D82-4CD4-B3C0-5BDB2FEFD88B}.Debug|ARM.Build.0 = Debug|Any CPU
		{93FA07F3-6D82-4CD4-B3C0-5BDB2FEFD88B}.Debug|ARM64.ActiveCfg = Debug|Any CPU
		{93FA07F3-6D82-4CD4-B3C0-5BDB2FEFD88B}.Debug|ARM64.Build.0 = Debug|Any CPU
		{93FA07F3-6D82-4CD4-B3C0-5BDB2FEFD88B}.Debug|x64.ActiveCfg = Debug|x64
		{93FA07F3-6D82-4CD4-B3C0-5BDB2FEFD88B}.Debug|x64.Build.0 = Debug|x64
		{93FA07F3-6D82-4CD4-B3C0-5BDB2FEFD88B}.Debug|x86.ActiveCfg = Debug|Any CPU
		{93FA07F3-6D82-4CD4-B3C0-5BDB2FEFD88B}.Debug|x86.Build.0 = Debug|Any CPU
		{93FA07F3-6D82-4CD4-B3C0-5BDB2FEFD88B}.DesktopPackage|Any CPU.ActiveCfg = DesktopPackage|Any CPU
		{93FA07F3-6D82-4CD4-B3C0-5BDB2FEFD88B}.DesktopPackage|Any CPU.Build.0 = DesktopPackage|Any CPU
		{93FA07F3-6D82-4CD4-B3C0-5BDB2FEFD88B}.DesktopPackage|ARM.ActiveCfg = DesktopPackage|Any CPU
		{93FA07F3-6D82-4CD4-B3C0-5BDB2FEFD88B}.DesktopPackage|ARM.Build.0 = DesktopPackage|Any CPU
		{93FA07F3-6D82-4CD4-B3C0-5BDB2FEFD88B}.DesktopPackage|ARM64.ActiveCfg = DesktopPackage|Any CPU
		{93FA07F3-6D82-4CD4-B3C0-5BDB2FEFD88B}.DesktopPackage|ARM64.Build.0 = DesktopPackage|Any CPU
		{93FA07F3-6D82-4CD4-B3C0-5BDB2FEFD88B}.DesktopPackage|x64.ActiveCfg = Release|x64
		{93FA07F3-6D82-4CD4-B3C0-5BDB2FEFD88B}.DesktopPackage|x64.Build.0 = Release|x64
		{93FA07F3-6D82-4CD4-B3C0-5BDB2FEFD88B}.DesktopPackage|x86.ActiveCfg = DesktopPackage|Any CPU
		{93FA07F3-6D82-4CD4-B3C0-5BDB2FEFD88B}.DesktopPackage|x86.Build.0 = DesktopPackage|Any CPU
		{93FA07F3-6D82-4CD4-B3C0-5BDB2FEFD88B}.Release|Any CPU.ActiveCfg = Release|Any CPU
		{93FA07F3-6D82-4CD4-B3C0-5BDB2FEFD88B}.Release|Any CPU.Build.0 = Release|Any CPU
		{93FA07F3-6D82-4CD4-B3C0-5BDB2FEFD88B}.Release|ARM.ActiveCfg = Release|Any CPU
		{93FA07F3-6D82-4CD4-B3C0-5BDB2FEFD88B}.Release|ARM.Build.0 = Release|Any CPU
		{93FA07F3-6D82-4CD4-B3C0-5BDB2FEFD88B}.Release|ARM64.ActiveCfg = Release|Any CPU
		{93FA07F3-6D82-4CD4-B3C0-5BDB2FEFD88B}.Release|ARM64.Build.0 = Release|Any CPU
		{93FA07F3-6D82-4CD4-B3C0-5BDB2FEFD88B}.Release|x64.ActiveCfg = Release|x64
		{93FA07F3-6D82-4CD4-B3C0-5BDB2FEFD88B}.Release|x64.Build.0 = Release|x64
		{93FA07F3-6D82-4CD4-B3C0-5BDB2FEFD88B}.Release|x86.ActiveCfg = Release|Any CPU
		{93FA07F3-6D82-4CD4-B3C0-5BDB2FEFD88B}.Release|x86.Build.0 = Release|Any CPU
		{1589CB71-CA8E-4961-ACF2-85F294616796}.Debug|Any CPU.ActiveCfg = Debug|x86
		{1589CB71-CA8E-4961-ACF2-85F294616796}.Debug|ARM.ActiveCfg = Debug|ARM
		{1589CB71-CA8E-4961-ACF2-85F294616796}.Debug|ARM.Build.0 = Debug|ARM
		{1589CB71-CA8E-4961-ACF2-85F294616796}.Debug|ARM.Deploy.0 = Debug|ARM
		{1589CB71-CA8E-4961-ACF2-85F294616796}.Debug|ARM64.ActiveCfg = Debug|ARM64
		{1589CB71-CA8E-4961-ACF2-85F294616796}.Debug|ARM64.Build.0 = Debug|ARM64
		{1589CB71-CA8E-4961-ACF2-85F294616796}.Debug|ARM64.Deploy.0 = Debug|ARM64
		{1589CB71-CA8E-4961-ACF2-85F294616796}.Debug|x64.ActiveCfg = Debug|x64
		{1589CB71-CA8E-4961-ACF2-85F294616796}.Debug|x64.Build.0 = Debug|x64
		{1589CB71-CA8E-4961-ACF2-85F294616796}.Debug|x86.ActiveCfg = Debug|x86
		{1589CB71-CA8E-4961-ACF2-85F294616796}.Debug|x86.Build.0 = Debug|x86
		{1589CB71-CA8E-4961-ACF2-85F294616796}.Debug|x86.Deploy.0 = Debug|x86
		{1589CB71-CA8E-4961-ACF2-85F294616796}.DesktopPackage|Any CPU.ActiveCfg = DesktopPackage|x86
		{1589CB71-CA8E-4961-ACF2-85F294616796}.DesktopPackage|ARM.ActiveCfg = DesktopPackage|ARM
		{1589CB71-CA8E-4961-ACF2-85F294616796}.DesktopPackage|ARM.Build.0 = DesktopPackage|ARM
		{1589CB71-CA8E-4961-ACF2-85F294616796}.DesktopPackage|ARM.Deploy.0 = DesktopPackage|ARM
		{1589CB71-CA8E-4961-ACF2-85F294616796}.DesktopPackage|ARM64.ActiveCfg = DesktopPackage|ARM64
		{1589CB71-CA8E-4961-ACF2-85F294616796}.DesktopPackage|ARM64.Build.0 = DesktopPackage|ARM64
		{1589CB71-CA8E-4961-ACF2-85F294616796}.DesktopPackage|ARM64.Deploy.0 = DesktopPackage|ARM64
		{1589CB71-CA8E-4961-ACF2-85F294616796}.DesktopPackage|x64.ActiveCfg = Release|x64
		{1589CB71-CA8E-4961-ACF2-85F294616796}.DesktopPackage|x64.Build.0 = Release|x64
		{1589CB71-CA8E-4961-ACF2-85F294616796}.DesktopPackage|x86.ActiveCfg = DesktopPackage|x86
		{1589CB71-CA8E-4961-ACF2-85F294616796}.DesktopPackage|x86.Build.0 = DesktopPackage|x86
		{1589CB71-CA8E-4961-ACF2-85F294616796}.DesktopPackage|x86.Deploy.0 = DesktopPackage|x86
		{1589CB71-CA8E-4961-ACF2-85F294616796}.Release|Any CPU.ActiveCfg = Release|x86
		{1589CB71-CA8E-4961-ACF2-85F294616796}.Release|ARM.ActiveCfg = Release|ARM
		{1589CB71-CA8E-4961-ACF2-85F294616796}.Release|ARM.Build.0 = Release|ARM
		{1589CB71-CA8E-4961-ACF2-85F294616796}.Release|ARM.Deploy.0 = Release|ARM
		{1589CB71-CA8E-4961-ACF2-85F294616796}.Release|ARM64.ActiveCfg = Release|ARM64
		{1589CB71-CA8E-4961-ACF2-85F294616796}.Release|ARM64.Build.0 = Release|ARM64
		{1589CB71-CA8E-4961-ACF2-85F294616796}.Release|ARM64.Deploy.0 = Release|ARM64
		{1589CB71-CA8E-4961-ACF2-85F294616796}.Release|x64.ActiveCfg = Release|x64
		{1589CB71-CA8E-4961-ACF2-85F294616796}.Release|x64.Build.0 = Release|x64
		{1589CB71-CA8E-4961-ACF2-85F294616796}.Release|x64.Deploy.0 = Release|x64
		{1589CB71-CA8E-4961-ACF2-85F294616796}.Release|x86.ActiveCfg = Release|x86
		{1589CB71-CA8E-4961-ACF2-85F294616796}.Release|x86.Build.0 = Release|x86
		{1589CB71-CA8E-4961-ACF2-85F294616796}.Release|x86.Deploy.0 = Release|x86
		{C81D14D0-63AE-4EB4-B943-B09766618803}.Debug|Any CPU.ActiveCfg = Debug|Any CPU
		{C81D14D0-63AE-4EB4-B943-B09766618803}.Debug|Any CPU.Build.0 = Debug|Any CPU
		{C81D14D0-63AE-4EB4-B943-B09766618803}.Debug|ARM.ActiveCfg = Debug|Any CPU
		{C81D14D0-63AE-4EB4-B943-B09766618803}.Debug|ARM.Build.0 = Debug|Any CPU
		{C81D14D0-63AE-4EB4-B943-B09766618803}.Debug|ARM64.ActiveCfg = Debug|Any CPU
		{C81D14D0-63AE-4EB4-B943-B09766618803}.Debug|ARM64.Build.0 = Debug|Any CPU
		{C81D14D0-63AE-4EB4-B943-B09766618803}.Debug|x64.ActiveCfg = Debug|Any CPU
		{C81D14D0-63AE-4EB4-B943-B09766618803}.Debug|x64.Build.0 = Debug|Any CPU
		{C81D14D0-63AE-4EB4-B943-B09766618803}.Debug|x86.ActiveCfg = Debug|Any CPU
		{C81D14D0-63AE-4EB4-B943-B09766618803}.Debug|x86.Build.0 = Debug|Any CPU
		{C81D14D0-63AE-4EB4-B943-B09766618803}.DesktopPackage|Any CPU.ActiveCfg = DesktopPackage|Any CPU
		{C81D14D0-63AE-4EB4-B943-B09766618803}.DesktopPackage|Any CPU.Build.0 = DesktopPackage|Any CPU
		{C81D14D0-63AE-4EB4-B943-B09766618803}.DesktopPackage|ARM.ActiveCfg = DesktopPackage|Any CPU
		{C81D14D0-63AE-4EB4-B943-B09766618803}.DesktopPackage|ARM.Build.0 = DesktopPackage|Any CPU
		{C81D14D0-63AE-4EB4-B943-B09766618803}.DesktopPackage|ARM64.ActiveCfg = DesktopPackage|Any CPU
		{C81D14D0-63AE-4EB4-B943-B09766618803}.DesktopPackage|ARM64.Build.0 = DesktopPackage|Any CPU
		{C81D14D0-63AE-4EB4-B943-B09766618803}.DesktopPackage|x64.ActiveCfg = Release|Any CPU
		{C81D14D0-63AE-4EB4-B943-B09766618803}.DesktopPackage|x64.Build.0 = Release|Any CPU
		{C81D14D0-63AE-4EB4-B943-B09766618803}.DesktopPackage|x86.ActiveCfg = DesktopPackage|Any CPU
		{C81D14D0-63AE-4EB4-B943-B09766618803}.DesktopPackage|x86.Build.0 = DesktopPackage|Any CPU
		{C81D14D0-63AE-4EB4-B943-B09766618803}.Release|Any CPU.ActiveCfg = Release|Any CPU
		{C81D14D0-63AE-4EB4-B943-B09766618803}.Release|Any CPU.Build.0 = Release|Any CPU
		{C81D14D0-63AE-4EB4-B943-B09766618803}.Release|ARM.ActiveCfg = Release|Any CPU
		{C81D14D0-63AE-4EB4-B943-B09766618803}.Release|ARM.Build.0 = Release|Any CPU
		{C81D14D0-63AE-4EB4-B943-B09766618803}.Release|ARM64.ActiveCfg = Release|Any CPU
		{C81D14D0-63AE-4EB4-B943-B09766618803}.Release|ARM64.Build.0 = Release|Any CPU
		{C81D14D0-63AE-4EB4-B943-B09766618803}.Release|x64.ActiveCfg = Release|Any CPU
		{C81D14D0-63AE-4EB4-B943-B09766618803}.Release|x64.Build.0 = Release|Any CPU
		{C81D14D0-63AE-4EB4-B943-B09766618803}.Release|x86.ActiveCfg = Release|Any CPU
		{C81D14D0-63AE-4EB4-B943-B09766618803}.Release|x86.Build.0 = Release|Any CPU
		{ACCA2A02-37A0-44D7-8126-D7142B21F1AC}.Debug|Any CPU.ActiveCfg = Debug|Any CPU
		{ACCA2A02-37A0-44D7-8126-D7142B21F1AC}.Debug|Any CPU.Build.0 = Debug|Any CPU
		{ACCA2A02-37A0-44D7-8126-D7142B21F1AC}.Debug|Any CPU.Deploy.0 = Debug|Any CPU
		{ACCA2A02-37A0-44D7-8126-D7142B21F1AC}.Debug|ARM.ActiveCfg = Debug|ARM
		{ACCA2A02-37A0-44D7-8126-D7142B21F1AC}.Debug|ARM.Build.0 = Debug|ARM
		{ACCA2A02-37A0-44D7-8126-D7142B21F1AC}.Debug|ARM.Deploy.0 = Debug|ARM
		{ACCA2A02-37A0-44D7-8126-D7142B21F1AC}.Debug|ARM64.ActiveCfg = Debug|ARM64
		{ACCA2A02-37A0-44D7-8126-D7142B21F1AC}.Debug|ARM64.Build.0 = Debug|ARM64
		{ACCA2A02-37A0-44D7-8126-D7142B21F1AC}.Debug|ARM64.Deploy.0 = Debug|ARM64
		{ACCA2A02-37A0-44D7-8126-D7142B21F1AC}.Debug|x64.ActiveCfg = Debug|x64
		{ACCA2A02-37A0-44D7-8126-D7142B21F1AC}.Debug|x64.Build.0 = Debug|x64
		{ACCA2A02-37A0-44D7-8126-D7142B21F1AC}.Debug|x64.Deploy.0 = Debug|x64
		{ACCA2A02-37A0-44D7-8126-D7142B21F1AC}.Debug|x86.ActiveCfg = Debug|x86
		{ACCA2A02-37A0-44D7-8126-D7142B21F1AC}.Debug|x86.Build.0 = Debug|x86
		{ACCA2A02-37A0-44D7-8126-D7142B21F1AC}.Debug|x86.Deploy.0 = Debug|x86
		{ACCA2A02-37A0-44D7-8126-D7142B21F1AC}.DesktopPackage|Any CPU.ActiveCfg = DesktopPackage|Any CPU
		{ACCA2A02-37A0-44D7-8126-D7142B21F1AC}.DesktopPackage|Any CPU.Build.0 = DesktopPackage|Any CPU
		{ACCA2A02-37A0-44D7-8126-D7142B21F1AC}.DesktopPackage|Any CPU.Deploy.0 = DesktopPackage|Any CPU
		{ACCA2A02-37A0-44D7-8126-D7142B21F1AC}.DesktopPackage|ARM.ActiveCfg = DesktopPackage|ARM
		{ACCA2A02-37A0-44D7-8126-D7142B21F1AC}.DesktopPackage|ARM.Build.0 = DesktopPackage|ARM
		{ACCA2A02-37A0-44D7-8126-D7142B21F1AC}.DesktopPackage|ARM.Deploy.0 = DesktopPackage|ARM
		{ACCA2A02-37A0-44D7-8126-D7142B21F1AC}.DesktopPackage|ARM64.ActiveCfg = DesktopPackage|ARM64
		{ACCA2A02-37A0-44D7-8126-D7142B21F1AC}.DesktopPackage|ARM64.Build.0 = DesktopPackage|ARM64
		{ACCA2A02-37A0-44D7-8126-D7142B21F1AC}.DesktopPackage|ARM64.Deploy.0 = DesktopPackage|ARM64
		{ACCA2A02-37A0-44D7-8126-D7142B21F1AC}.DesktopPackage|x64.ActiveCfg = Release|x64
		{ACCA2A02-37A0-44D7-8126-D7142B21F1AC}.DesktopPackage|x64.Build.0 = Release|x64
		{ACCA2A02-37A0-44D7-8126-D7142B21F1AC}.DesktopPackage|x64.Deploy.0 = Release|x64
		{ACCA2A02-37A0-44D7-8126-D7142B21F1AC}.DesktopPackage|x86.ActiveCfg = DesktopPackage|x86
		{ACCA2A02-37A0-44D7-8126-D7142B21F1AC}.DesktopPackage|x86.Build.0 = DesktopPackage|x86
		{ACCA2A02-37A0-44D7-8126-D7142B21F1AC}.DesktopPackage|x86.Deploy.0 = DesktopPackage|x86
		{ACCA2A02-37A0-44D7-8126-D7142B21F1AC}.Release|Any CPU.ActiveCfg = Release|Any CPU
		{ACCA2A02-37A0-44D7-8126-D7142B21F1AC}.Release|Any CPU.Build.0 = Release|Any CPU
		{ACCA2A02-37A0-44D7-8126-D7142B21F1AC}.Release|Any CPU.Deploy.0 = Release|Any CPU
		{ACCA2A02-37A0-44D7-8126-D7142B21F1AC}.Release|ARM.ActiveCfg = Release|ARM
		{ACCA2A02-37A0-44D7-8126-D7142B21F1AC}.Release|ARM.Build.0 = Release|ARM
		{ACCA2A02-37A0-44D7-8126-D7142B21F1AC}.Release|ARM.Deploy.0 = Release|ARM
		{ACCA2A02-37A0-44D7-8126-D7142B21F1AC}.Release|ARM64.ActiveCfg = Release|ARM64
		{ACCA2A02-37A0-44D7-8126-D7142B21F1AC}.Release|ARM64.Build.0 = Release|ARM64
		{ACCA2A02-37A0-44D7-8126-D7142B21F1AC}.Release|ARM64.Deploy.0 = Release|ARM64
		{ACCA2A02-37A0-44D7-8126-D7142B21F1AC}.Release|x64.ActiveCfg = Release|x64
		{ACCA2A02-37A0-44D7-8126-D7142B21F1AC}.Release|x64.Build.0 = Release|x64
		{ACCA2A02-37A0-44D7-8126-D7142B21F1AC}.Release|x64.Deploy.0 = Release|x64
		{ACCA2A02-37A0-44D7-8126-D7142B21F1AC}.Release|x86.ActiveCfg = Release|x86
		{ACCA2A02-37A0-44D7-8126-D7142B21F1AC}.Release|x86.Build.0 = Release|x86
		{ACCA2A02-37A0-44D7-8126-D7142B21F1AC}.Release|x86.Deploy.0 = Release|x86
		{14B5A6FC-D96F-4BF6-9D03-CAA6D5AA54A0}.Debug|Any CPU.ActiveCfg = Debug|Any CPU
		{14B5A6FC-D96F-4BF6-9D03-CAA6D5AA54A0}.Debug|Any CPU.Build.0 = Debug|Any CPU
		{14B5A6FC-D96F-4BF6-9D03-CAA6D5AA54A0}.Debug|ARM.ActiveCfg = Debug|Any CPU
		{14B5A6FC-D96F-4BF6-9D03-CAA6D5AA54A0}.Debug|ARM.Build.0 = Debug|Any CPU
		{14B5A6FC-D96F-4BF6-9D03-CAA6D5AA54A0}.Debug|ARM64.ActiveCfg = Debug|Any CPU
		{14B5A6FC-D96F-4BF6-9D03-CAA6D5AA54A0}.Debug|ARM64.Build.0 = Debug|Any CPU
		{14B5A6FC-D96F-4BF6-9D03-CAA6D5AA54A0}.Debug|x64.ActiveCfg = Debug|x64
		{14B5A6FC-D96F-4BF6-9D03-CAA6D5AA54A0}.Debug|x64.Build.0 = Debug|x64
		{14B5A6FC-D96F-4BF6-9D03-CAA6D5AA54A0}.Debug|x86.ActiveCfg = Debug|Any CPU
		{14B5A6FC-D96F-4BF6-9D03-CAA6D5AA54A0}.Debug|x86.Build.0 = Debug|Any CPU
		{14B5A6FC-D96F-4BF6-9D03-CAA6D5AA54A0}.DesktopPackage|Any CPU.ActiveCfg = DesktopPackage|Any CPU
		{14B5A6FC-D96F-4BF6-9D03-CAA6D5AA54A0}.DesktopPackage|Any CPU.Build.0 = DesktopPackage|Any CPU
		{14B5A6FC-D96F-4BF6-9D03-CAA6D5AA54A0}.DesktopPackage|ARM.ActiveCfg = DesktopPackage|Any CPU
		{14B5A6FC-D96F-4BF6-9D03-CAA6D5AA54A0}.DesktopPackage|ARM.Build.0 = DesktopPackage|Any CPU
		{14B5A6FC-D96F-4BF6-9D03-CAA6D5AA54A0}.DesktopPackage|ARM64.ActiveCfg = DesktopPackage|Any CPU
		{14B5A6FC-D96F-4BF6-9D03-CAA6D5AA54A0}.DesktopPackage|ARM64.Build.0 = DesktopPackage|Any CPU
		{14B5A6FC-D96F-4BF6-9D03-CAA6D5AA54A0}.DesktopPackage|x64.ActiveCfg = Release|x64
		{14B5A6FC-D96F-4BF6-9D03-CAA6D5AA54A0}.DesktopPackage|x64.Build.0 = Release|x64
		{14B5A6FC-D96F-4BF6-9D03-CAA6D5AA54A0}.DesktopPackage|x86.ActiveCfg = DesktopPackage|x86
		{14B5A6FC-D96F-4BF6-9D03-CAA6D5AA54A0}.DesktopPackage|x86.Build.0 = DesktopPackage|x86
		{14B5A6FC-D96F-4BF6-9D03-CAA6D5AA54A0}.Release|Any CPU.ActiveCfg = Release|Any CPU
		{14B5A6FC-D96F-4BF6-9D03-CAA6D5AA54A0}.Release|Any CPU.Build.0 = Release|Any CPU
		{14B5A6FC-D96F-4BF6-9D03-CAA6D5AA54A0}.Release|ARM.ActiveCfg = Release|Any CPU
		{14B5A6FC-D96F-4BF6-9D03-CAA6D5AA54A0}.Release|ARM.Build.0 = Release|Any CPU
		{14B5A6FC-D96F-4BF6-9D03-CAA6D5AA54A0}.Release|ARM64.ActiveCfg = Release|Any CPU
		{14B5A6FC-D96F-4BF6-9D03-CAA6D5AA54A0}.Release|ARM64.Build.0 = Release|Any CPU
		{14B5A6FC-D96F-4BF6-9D03-CAA6D5AA54A0}.Release|x64.ActiveCfg = Release|x64
		{14B5A6FC-D96F-4BF6-9D03-CAA6D5AA54A0}.Release|x64.Build.0 = Release|x64
		{14B5A6FC-D96F-4BF6-9D03-CAA6D5AA54A0}.Release|x86.ActiveCfg = Release|Any CPU
		{14B5A6FC-D96F-4BF6-9D03-CAA6D5AA54A0}.Release|x86.Build.0 = Release|Any CPU
		{6E82B9CE-92E7-4B63-B21F-0CF9CAF5FBF8}.Debug|Any CPU.ActiveCfg = Debug|Any CPU
		{6E82B9CE-92E7-4B63-B21F-0CF9CAF5FBF8}.Debug|Any CPU.Build.0 = Debug|Any CPU
		{6E82B9CE-92E7-4B63-B21F-0CF9CAF5FBF8}.Debug|ARM.ActiveCfg = Debug|Any CPU
		{6E82B9CE-92E7-4B63-B21F-0CF9CAF5FBF8}.Debug|ARM.Build.0 = Debug|Any CPU
		{6E82B9CE-92E7-4B63-B21F-0CF9CAF5FBF8}.Debug|ARM64.ActiveCfg = Debug|Any CPU
		{6E82B9CE-92E7-4B63-B21F-0CF9CAF5FBF8}.Debug|ARM64.Build.0 = Debug|Any CPU
		{6E82B9CE-92E7-4B63-B21F-0CF9CAF5FBF8}.Debug|x64.ActiveCfg = Debug|x64
		{6E82B9CE-92E7-4B63-B21F-0CF9CAF5FBF8}.Debug|x64.Build.0 = Debug|x64
		{6E82B9CE-92E7-4B63-B21F-0CF9CAF5FBF8}.Debug|x86.ActiveCfg = Debug|Any CPU
		{6E82B9CE-92E7-4B63-B21F-0CF9CAF5FBF8}.Debug|x86.Build.0 = Debug|Any CPU
		{6E82B9CE-92E7-4B63-B21F-0CF9CAF5FBF8}.DesktopPackage|Any CPU.ActiveCfg = DesktopPackage|Any CPU
		{6E82B9CE-92E7-4B63-B21F-0CF9CAF5FBF8}.DesktopPackage|Any CPU.Build.0 = DesktopPackage|Any CPU
		{6E82B9CE-92E7-4B63-B21F-0CF9CAF5FBF8}.DesktopPackage|ARM.ActiveCfg = DesktopPackage|Any CPU
		{6E82B9CE-92E7-4B63-B21F-0CF9CAF5FBF8}.DesktopPackage|ARM.Build.0 = DesktopPackage|Any CPU
		{6E82B9CE-92E7-4B63-B21F-0CF9CAF5FBF8}.DesktopPackage|ARM64.ActiveCfg = DesktopPackage|Any CPU
		{6E82B9CE-92E7-4B63-B21F-0CF9CAF5FBF8}.DesktopPackage|ARM64.Build.0 = DesktopPackage|Any CPU
		{6E82B9CE-92E7-4B63-B21F-0CF9CAF5FBF8}.DesktopPackage|x64.ActiveCfg = DesktopPackage|x64
		{6E82B9CE-92E7-4B63-B21F-0CF9CAF5FBF8}.DesktopPackage|x64.Build.0 = DesktopPackage|x64
		{6E82B9CE-92E7-4B63-B21F-0CF9CAF5FBF8}.DesktopPackage|x86.ActiveCfg = DesktopPackage|Any CPU
		{6E82B9CE-92E7-4B63-B21F-0CF9CAF5FBF8}.DesktopPackage|x86.Build.0 = DesktopPackage|Any CPU
		{6E82B9CE-92E7-4B63-B21F-0CF9CAF5FBF8}.Release|Any CPU.ActiveCfg = Release|Any CPU
		{6E82B9CE-92E7-4B63-B21F-0CF9CAF5FBF8}.Release|Any CPU.Build.0 = Release|Any CPU
		{6E82B9CE-92E7-4B63-B21F-0CF9CAF5FBF8}.Release|ARM.ActiveCfg = Release|Any CPU
		{6E82B9CE-92E7-4B63-B21F-0CF9CAF5FBF8}.Release|ARM.Build.0 = Release|Any CPU
		{6E82B9CE-92E7-4B63-B21F-0CF9CAF5FBF8}.Release|ARM64.ActiveCfg = Release|Any CPU
		{6E82B9CE-92E7-4B63-B21F-0CF9CAF5FBF8}.Release|ARM64.Build.0 = Release|Any CPU
		{6E82B9CE-92E7-4B63-B21F-0CF9CAF5FBF8}.Release|x64.ActiveCfg = Release|x64
		{6E82B9CE-92E7-4B63-B21F-0CF9CAF5FBF8}.Release|x64.Build.0 = Release|x64
		{6E82B9CE-92E7-4B63-B21F-0CF9CAF5FBF8}.Release|x86.ActiveCfg = Release|Any CPU
		{6E82B9CE-92E7-4B63-B21F-0CF9CAF5FBF8}.Release|x86.Build.0 = Release|Any CPU
		{BAA05230-C929-425C-8278-32614B23A46B}.Debug|Any CPU.ActiveCfg = Debug|Any CPU
		{BAA05230-C929-425C-8278-32614B23A46B}.Debug|Any CPU.Build.0 = Debug|Any CPU
		{BAA05230-C929-425C-8278-32614B23A46B}.Debug|Any CPU.Deploy.0 = Debug|Any CPU
		{BAA05230-C929-425C-8278-32614B23A46B}.Debug|ARM.ActiveCfg = Debug|ARM
		{BAA05230-C929-425C-8278-32614B23A46B}.Debug|ARM.Build.0 = Debug|ARM
		{BAA05230-C929-425C-8278-32614B23A46B}.Debug|ARM.Deploy.0 = Debug|ARM
		{BAA05230-C929-425C-8278-32614B23A46B}.Debug|ARM64.ActiveCfg = Debug|ARM64
		{BAA05230-C929-425C-8278-32614B23A46B}.Debug|ARM64.Build.0 = Debug|ARM64
		{BAA05230-C929-425C-8278-32614B23A46B}.Debug|ARM64.Deploy.0 = Debug|ARM64
		{BAA05230-C929-425C-8278-32614B23A46B}.Debug|x64.ActiveCfg = Debug|x64
		{BAA05230-C929-425C-8278-32614B23A46B}.Debug|x64.Build.0 = Debug|x64
		{BAA05230-C929-425C-8278-32614B23A46B}.Debug|x64.Deploy.0 = Debug|x64
		{BAA05230-C929-425C-8278-32614B23A46B}.Debug|x86.ActiveCfg = Debug|x86
		{BAA05230-C929-425C-8278-32614B23A46B}.Debug|x86.Build.0 = Debug|x86
		{BAA05230-C929-425C-8278-32614B23A46B}.Debug|x86.Deploy.0 = Debug|x86
		{BAA05230-C929-425C-8278-32614B23A46B}.DesktopPackage|Any CPU.ActiveCfg = DesktopPackage|Any CPU
		{BAA05230-C929-425C-8278-32614B23A46B}.DesktopPackage|Any CPU.Build.0 = DesktopPackage|Any CPU
		{BAA05230-C929-425C-8278-32614B23A46B}.DesktopPackage|Any CPU.Deploy.0 = DesktopPackage|Any CPU
		{BAA05230-C929-425C-8278-32614B23A46B}.DesktopPackage|ARM.ActiveCfg = DesktopPackage|ARM
		{BAA05230-C929-425C-8278-32614B23A46B}.DesktopPackage|ARM.Build.0 = DesktopPackage|ARM
		{BAA05230-C929-425C-8278-32614B23A46B}.DesktopPackage|ARM.Deploy.0 = DesktopPackage|ARM
		{BAA05230-C929-425C-8278-32614B23A46B}.DesktopPackage|ARM64.ActiveCfg = DesktopPackage|ARM64
		{BAA05230-C929-425C-8278-32614B23A46B}.DesktopPackage|ARM64.Build.0 = DesktopPackage|ARM64
		{BAA05230-C929-425C-8278-32614B23A46B}.DesktopPackage|ARM64.Deploy.0 = DesktopPackage|ARM64
		{BAA05230-C929-425C-8278-32614B23A46B}.DesktopPackage|x64.ActiveCfg = DesktopPackage|x64
		{BAA05230-C929-425C-8278-32614B23A46B}.DesktopPackage|x64.Build.0 = DesktopPackage|x64
		{BAA05230-C929-425C-8278-32614B23A46B}.DesktopPackage|x64.Deploy.0 = DesktopPackage|x64
		{BAA05230-C929-425C-8278-32614B23A46B}.DesktopPackage|x86.ActiveCfg = DesktopPackage|x86
		{BAA05230-C929-425C-8278-32614B23A46B}.DesktopPackage|x86.Build.0 = DesktopPackage|x86
		{BAA05230-C929-425C-8278-32614B23A46B}.DesktopPackage|x86.Deploy.0 = DesktopPackage|x86
		{BAA05230-C929-425C-8278-32614B23A46B}.Release|Any CPU.ActiveCfg = Release|Any CPU
		{BAA05230-C929-425C-8278-32614B23A46B}.Release|Any CPU.Build.0 = Release|Any CPU
		{BAA05230-C929-425C-8278-32614B23A46B}.Release|Any CPU.Deploy.0 = Release|Any CPU
		{BAA05230-C929-425C-8278-32614B23A46B}.Release|ARM.ActiveCfg = Release|ARM
		{BAA05230-C929-425C-8278-32614B23A46B}.Release|ARM.Build.0 = Release|ARM
		{BAA05230-C929-425C-8278-32614B23A46B}.Release|ARM.Deploy.0 = Release|ARM
		{BAA05230-C929-425C-8278-32614B23A46B}.Release|ARM64.ActiveCfg = Release|ARM64
		{BAA05230-C929-425C-8278-32614B23A46B}.Release|ARM64.Build.0 = Release|ARM64
		{BAA05230-C929-425C-8278-32614B23A46B}.Release|ARM64.Deploy.0 = Release|ARM64
		{BAA05230-C929-425C-8278-32614B23A46B}.Release|x64.ActiveCfg = Release|x64
		{BAA05230-C929-425C-8278-32614B23A46B}.Release|x64.Build.0 = Release|x64
		{BAA05230-C929-425C-8278-32614B23A46B}.Release|x64.Deploy.0 = Release|x64
		{BAA05230-C929-425C-8278-32614B23A46B}.Release|x86.ActiveCfg = Release|x86
		{BAA05230-C929-425C-8278-32614B23A46B}.Release|x86.Build.0 = Release|x86
		{BAA05230-C929-425C-8278-32614B23A46B}.Release|x86.Deploy.0 = Release|x86
	EndGlobalSection
	GlobalSection(SolutionProperties) = preSolution
		HideSolutionNode = FALSE
	EndGlobalSection
	GlobalSection(ExtensibilityGlobals) = postSolution
		SolutionGuid = {090C6DBB-EA1B-435F-B52E-8C93B97CA3A3}
	EndGlobalSection
EndGlobal
